{
  "name": "wendkeep",
  "version": "0.45.0",
  "lockfileVersion": 3,
  "requires": true,
  "packages": {
    "": {
      "name": "wendkeep",
      "version": "0.45.0",
      "license": "MIT",
      "bin": {
        "wendkeep": "bin/wendkeep.mjs",
        "wk": "bin/wendkeep.mjs"
      },
      "devDependencies": {
        "wendkeep": "^0.45.0"
      },
      "engines": {
        "node": ">=18"
      }
    },
    "node_modules/wendkeep": {
      "version": "0.45.0",
      "resolved": "https://registry.npmjs.org/wendkeep/-/wendkeep-0.45.0.tgz",
      "integrity": "sha512-4QG4/ocUmc2PqagU5n+ziK0h041t/CC35ugxt1by7sqCmGnxQ0+GNwzwzuQl9RcR5tnpKHpEpbk5e+mRZDaSpQ==",
      "dev": true,
      "license": "MIT",
      "bin": {
        "wendkeep": "bin/wendkeep.mjs",
        "wk": "bin/wendkeep.mjs"
      },
      "engines": {
        "node": ">=18"
      }
    }
  }
}
