{
  "name": "wendkeep",
  "version": "0.44.0",
  "lockfileVersion": 3,
  "requires": true,
  "packages": {
    "": {
      "name": "wendkeep",
      "version": "0.44.0",
      "license": "MIT",
      "bin": {
        "wendkeep": "bin/wendkeep.mjs",
        "wk": "bin/wendkeep.mjs"
      },
      "devDependencies": {
        "wendkeep": "^0.39.0"
      },
      "engines": {
        "node": ">=18"
      }
    },
    "node_modules/wendkeep": {
      "version": "0.39.0",
      "resolved": "https://registry.npmjs.org/wendkeep/-/wendkeep-0.39.0.tgz",
      "integrity": "sha512-ByPyLsoYNp1tE1DwjhpNN32o9OVB73sPWlF6AZE2xXswloQJ+pw1VOi2tN+P2OXHmjJoYRrQBwTkUC77E+ORwA==",
      "dev": true,
      "license": "MIT",
      "bin": {
        "wendkeep": "bin/wendkeep.mjs",
        "wk": "bin/wendkeep.mjs"
      },
      "engines": {
        "node": ">=18"
      }
    }
  }
}
