{
  "name": "wendkeep",
  "version": "0.45.0",
  "lockfileVersion": 3,
  "requires": true,
  "packages": {
    "": {
      "name": "wendkeep",
      "version": "0.45.0",
      "license": "MIT",
      "bin": {
        "wendkeep": "bin/wendkeep.mjs",
        "wk": "bin/wendkeep.mjs"
      },
      "devDependencies": {
        "wendkeep": "^0.44.0"
      },
      "engines": {
        "node": ">=18"
      }
    },
    "node_modules/wendkeep": {
      "version": "0.44.0",
      "resolved": "https://registry.npmjs.org/wendkeep/-/wendkeep-0.44.0.tgz",
      "integrity": "sha512-XHp1nd/M+arRX55Bd1YpMGWgGax1HbSEo8pPKjE52e9PbdUTorbrYP++yoZXRAFbINLN+TM4nqxqT1REVdN03g==",
      "dev": true,
      "license": "MIT",
      "bin": {
        "wendkeep": "bin/wendkeep.mjs",
        "wk": "bin/wendkeep.mjs"
      },
      "engines": {
        "node": ">=18"
      }
    }
  }
}
